// !$*UTF8*$!
{
	archiveVersion = 1;
	classes = {
	};
	objectVersion = 46;
	objects = {

/* Begin PBXBuildFile section */
		418C52AA1AE84AFC008C2CC6 /* AppDelegate.swift in Sources */ = {isa = PBXBuildFile; fileRef = 418C52A91AE84AFC008C2CC6 /* AppDelegate.swift */; };
		418C52AC1AE84AFC008C2CC6 /* MasterViewController.swift in Sources */ = {isa = PBXBuildFile; fileRef = 418C52AB1AE84AFC008C2CC6 /* MasterViewController.swift */; };
		418C52AE1AE84AFC008C2CC6 /* DetailViewController.swift in Sources */ = {isa = PBXBuildFile; fileRef = 418C52AD1AE84AFC008C2CC6 /* DetailViewController.swift */; };
		418C52B11AE84AFC008C2CC6 /* Main.storyboard in Resources */ = {isa = PBXBuildFile; fileRef = 418C52AF1AE84AFC008C2CC6 /* Main.storyboard */; };
		418C52B31AE84AFC008C2CC6 /* Images.xcassets in Resources */ = {isa = PBXBuildFile; fileRef = 418C52B21AE84AFC008C2CC6 /* Images.xcassets */; };
		418C52B61AE84AFC008C2CC6 /* LaunchScreen.xib in Resources */ = {isa = PBXBuildFile; fileRef = 418C52B41AE84AFC008C2CC6 /* LaunchScreen.xib */; };
		418C52C21AE84AFC008C2CC6 /* LoginBaseAppTests.swift in Sources */ = {isa = PBXBuildFile; fileRef = 418C52C11AE84AFC008C2CC6 /* LoginBaseAppTests.swift */; };
		418C52CD1AE85C93008C2CC6 /* LoginViewController.swift in Sources */ = {isa = PBXBuildFile; fileRef = 418C52CC1AE85C93008C2CC6 /* LoginViewController.swift */; };
		418C52CF1AE86361008C2CC6 /* SignUpViewController.swift in Sources */ = {isa = PBXBuildFile; fileRef = 418C52CE1AE86361008C2CC6 /* SignUpViewController.swift */; };
		9016A3A3F4451CE3479DAC2D /* libPods-LoginBaseApp.a in Frameworks */ = {isa = PBXBuildFile; fileRef = 44E306655664747186B64C40 /* libPods-LoginBaseApp.a */; };
/* End PBXBuildFile section */

/* Begin PBXContainerItemProxy section */
		418C52BC1AE84AFC008C2CC6 /* PBXContainerItemProxy */ = {
			isa = PBXContainerItemProxy;
			containerPortal = 418C529C1AE84AFC008C2CC6 /* Project object */;
			proxyType = 1;
			remoteGlobalIDString = 418C52A31AE84AFC008C2CC6;
			remoteInfo = LoginBaseApp;
		};
/* End PBXContainerItemProxy section */

/* Begin PBXFileReference section */
		418C52A41AE84AFC008C2CC6 /* LoginBaseApp.app */ = {isa = PBXFileReference; explicitFileType = wrapper.application; includeInIndex = 0; path = LoginBaseApp.app; sourceTree = BUILT_PRODUCTS_DIR; };
		418C52A81AE84AFC008C2CC6 /* Info.plist */ = {isa = PBXFileReference; lastKnownFileType = text.plist.xml; path = Info.plist; sourceTree = "<group>"; };
		418C52A91AE84AFC008C2CC6 /* AppDelegate.swift */ = {isa = PBXFileReference; lastKnownFileType = sourcecode.swift; path = AppDelegate.swift; sourceTree = "<group>"; };
		418C52AB1AE84AFC008C2CC6 /* MasterViewController.swift */ = {isa = PBXFileReference; lastKnownFileType = sourcecode.swift; path = MasterViewController.swift; sourceTree = "<group>"; };
		418C52AD1AE84AFC008C2CC6 /* DetailViewController.swift */ = {isa = PBXFileReference; lastKnownFileType = sourcecode.swift; path = DetailViewController.swift; sourceTree = "<group>"; };
		418C52B01AE84AFC008C2CC6 /* Base */ = {isa = PBXFileReference; lastKnownFileType = file.storyboard; name = Base; path = Base.lproj/Main.storyboard; sourceTree = "<group>"; };
		418C52B21AE84AFC008C2CC6 /* Images.xcassets */ = {isa = PBXFileReference; lastKnownFileType = folder.assetcatalog; path = Images.xcassets; sourceTree = "<group>"; };
		418C52B51AE84AFC008C2CC6 /* Base */ = {isa = PBXFileReference; lastKnownFileType = file.xib; name = Base; path = Base.lproj/LaunchScreen.xib; sourceTree = "<group>"; };
		418C52BB1AE84AFC008C2CC6 /* LoginBaseAppTests.xctest */ = {isa = PBXFileReference; explicitFileType = wrapper.cfbundle; includeInIndex = 0; path = LoginBaseAppTests.xctest; sourceTree = BUILT_PRODUCTS_DIR; };
		418C52C01AE84AFC008C2CC6 /* Info.plist */ = {isa = PBXFileReference; lastKnownFileType = text.plist.xml; path = Info.plist; sourceTree = "<group>"; };
		418C52C11AE84AFC008C2CC6 /* LoginBaseAppTests.swift */ = {isa = PBXFileReference; lastKnownFileType = sourcecode.swift; path = LoginBaseAppTests.swift; sourceTree = "<group>"; };
		418C52CB1AE84D45008C2CC6 /* LoginBaseApp-Bridging-Header.h */ = {isa = PBXFileReference; lastKnownFileType = sourcecode.c.h; path = "LoginBaseApp-Bridging-Header.h"; sourceTree = "<group>"; };
		418C52CC1AE85C93008C2CC6 /* LoginViewController.swift */ = {isa = PBXFileReference; fileEncoding = 4; lastKnownFileType = sourcecode.swift; path = LoginViewController.swift; sourceTree = "<group>"; };
		418C52CE1AE86361008C2CC6 /* SignUpViewController.swift */ = {isa = PBXFileReference; fileEncoding = 4; lastKnownFileType = sourcecode.swift; path = SignUpViewController.swift; sourceTree = "<group>"; };
		44E306655664747186B64C40 /* libPods-LoginBaseApp.a */ = {isa = PBXFileReference; explicitFileType = archive.ar; includeInIndex = 0; path = "libPods-LoginBaseApp.a"; sourceTree = BUILT_PRODUCTS_DIR; };
		CE3C4BD1A279C0DCF9755DEB /* Pods-LoginBaseApp.debug.xcconfig */ = {isa = PBXFileReference; includeInIndex = 1; lastKnownFileType = text.xcconfig; name = "Pods-LoginBaseApp.debug.xcconfig"; path = "Pods/Target Support Files/Pods-LoginBaseApp/Pods-LoginBaseApp.debug.xcconfig"; sourceTree = "<group>"; };
		DEE464A24B1A91342C9D1031 /* Pods-LoginBaseApp.release.xcconfig */ = {isa = PBXFileReference; includeInIndex = 1; lastKnownFileType = text.xcconfig; name = "Pods-LoginBaseApp.release.xcconfig"; path = "Pods/Target Support Files/Pods-LoginBaseApp/Pods-LoginBaseApp.release.xcconfig"; sourceTree = "<group>"; };
/* End PBXFileReference section */

/* Begin PBXFrameworksBuildPhase section */
		418C52A11AE84AFC008C2CC6 /* Frameworks */ = {
			isa = PBXFrameworksBuildPhase;
			buildActionMask = 2147483647;
			files = (
				9016A3A3F4451CE3479DAC2D /* libPods-LoginBaseApp.a in Frameworks */,
			);
			runOnlyForDeploymentPostprocessing = 0;
		};
		418C52B81AE84AFC008C2CC6 /* Frameworks */ = {
			isa = PBXFrameworksBuildPhase;
			buildActionMask = 2147483647;
			files = (
			);
			runOnlyForDeploymentPostprocessing = 0;
		};
/* End PBXFrameworksBuildPhase section */

/* Begin PBXGroup section */
		418C529B1AE84AFC008C2CC6 = {
			isa = PBXGroup;
			children = (
				418C52A61AE84AFC008C2CC6 /* LoginBaseApp */,
				418C52BE1AE84AFC008C2CC6 /* LoginBaseAppTests */,
				418C52A51AE84AFC008C2CC6 /* Products */,
				590AB2AF70842861BCFD86C8 /* Pods */,
				D5F7C78B6EE7AB1656BEFBB5 /* Frameworks */,
			);
			sourceTree = "<group>";
		};
		418C52A51AE84AFC008C2CC6 /* Products */ = {
			isa = PBXGroup;
			children = (
				418C52A41AE84AFC008C2CC6 /* LoginBaseApp.app */,
				418C52BB1AE84AFC008C2CC6 /* LoginBaseAppTests.xctest */,
			);
			name = Products;
			sourceTree = "<group>";
		};
		418C52A61AE84AFC008C2CC6 /* LoginBaseApp */ = {
			isa = PBXGroup;
			children = (
				418C52A91AE84AFC008C2CC6 /* AppDelegate.swift */,
				418C52AB1AE84AFC008C2CC6 /* MasterViewController.swift */,
				418C52AD1AE84AFC008C2CC6 /* DetailViewController.swift */,
				418C52AF1AE84AFC008C2CC6 /* Main.storyboard */,
				418C52B21AE84AFC008C2CC6 /* Images.xcassets */,
				418C52B41AE84AFC008C2CC6 /* LaunchScreen.xib */,
				418C52A71AE84AFC008C2CC6 /* Supporting Files */,
				418C52CB1AE84D45008C2CC6 /* LoginBaseApp-Bridging-Header.h */,
				418C52CC1AE85C93008C2CC6 /* LoginViewController.swift */,
				418C52CE1AE86361008C2CC6 /* SignUpViewController.swift */,
			);
			path = LoginBaseApp;
			sourceTree = "<group>";
		};
		418C52A71AE84AFC008C2CC6 /* Supporting Files */ = {
			isa = PBXGroup;
			children = (
				418C52A81AE84AFC008C2CC6 /* Info.plist */,
			);
			name = "Supporting Files";
			sourceTree = "<group>";
		};
		418C52BE1AE84AFC008C2CC6 /* LoginBaseAppTests */ = {
			isa = PBXGroup;
			children = (
				418C52C11AE84AFC008C2CC6 /* LoginBaseAppTests.swift */,
				418C52BF1AE84AFC008C2CC6 /* Supporting Files */,
			);
			path = LoginBaseAppTests;
			sourceTree = "<group>";
		};
		418C52BF1AE84AFC008C2CC6 /* Supporting Files */ = {
			isa = PBXGroup;
			children = (
				418C52C01AE84AFC008C2CC6 /* Info.plist */,
			);
			name = "Supporting Files";
			sourceTree = "<group>";
		};
		590AB2AF70842861BCFD86C8 /* Pods */ = {
			isa = PBXGroup;
			children = (
				CE3C4BD1A279C0DCF9755DEB /* Pods-LoginBaseApp.debug.xcconfig */,
				DEE464A24B1A91342C9D1031 /* Pods-LoginBaseApp.release.xcconfig */,
			);
			name = Pods;
			sourceTree = "<group>";
		};
		D5F7C78B6EE7AB1656BEFBB5 /* Frameworks */ = {
			isa = PBXGroup;
			children = (
				44E306655664747186B64C40 /* libPods-LoginBaseApp.a */,
			);
			name = Frameworks;
			sourceTree = "<group>";
		};
/* End PBXGroup section */

/* Begin PBXNativeTarget section */
		418C52A31AE84AFC008C2CC6 /* LoginBaseApp */ = {
			isa = PBXNativeTarget;
			buildConfigurationList = 418C52C51AE84AFC008C2CC6 /* Build configuration list for PBXNativeTarget "LoginBaseApp" */;
			buildPhases = (
				22D8F41EC9FF3290A9586F04 /* Check Pods Manifest.lock */,
				418C52A01AE84AFC008C2CC6 /* Sources */,
				418C52A11AE84AFC008C2CC6 /* Frameworks */,
				418C52A21AE84AFC008C2CC6 /* Resources */,
				0DBCA7B4ED54B3C91C59D50B /* Copy Pods Resources */,
			);
			buildRules = (
			);
			dependencies = (
			);
			name = LoginBaseApp;
			productName = LoginBaseApp;
			productReference = 418C52A41AE84AFC008C2CC6 /* LoginBaseApp.app */;
			productType = "com.apple.product-type.application";
		};
		418C52BA1AE84AFC008C2CC6 /* LoginBaseAppTests */ = {
			isa = PBXNativeTarget;
			buildConfigurationList = 418C52C81AE84AFC008C2CC6 /* Build configuration list for PBXNativeTarget "LoginBaseAppTests" */;
			buildPhases = (
				418C52B71AE84AFC008C2CC6 /* Sources */,
				418C52B81AE84AFC008C2CC6 /* Frameworks */,
				418C52B91AE84AFC008C2CC6 /* Resources */,
			);
			buildRules = (
			);
			dependencies = (
				418C52BD1AE84AFC008C2CC6 /* PBXTargetDependency */,
			);
			name = LoginBaseAppTests;
			productName = LoginBaseAppTests;
			productReference = 418C52BB1AE84AFC008C2CC6 /* LoginBaseAppTests.xctest */;
			productType = "com.apple.product-type.bundle.unit-test";
		};
/* End PBXNativeTarget section */

/* Begin PBXProject section */
		418C529C1AE84AFC008C2CC6 /* Project object */ = {
			isa = PBXProject;
			attributes = {
				LastUpgradeCheck = 0630;
				ORGANIZATIONNAME = "True Grit Design";
				TargetAttributes = {
					418C52A31AE84AFC008C2CC6 = {
						CreatedOnToolsVersion = 6.3;
					};
					418C52BA1AE84AFC008C2CC6 = {
						CreatedOnToolsVersion = 6.3;
						TestTargetID = 418C52A31AE84AFC008C2CC6;
					};
				};
			};
			buildConfigurationList = 418C529F1AE84AFC008C2CC6 /* Build configuration list for PBXProject "LoginBaseApp" */;
			compatibilityVersion = "Xcode 3.2";
			developmentRegion = English;
			hasScannedForEncodings = 0;
			knownRegions = (
				en,
				Base,
			);
			mainGroup = 418C529B1AE84AFC008C2CC6;
			productRefGroup = 418C52A51AE84AFC008C2CC6 /* Products */;
			projectDirPath = "";
			projectRoot = "";
			targets = (
				418C52A31AE84AFC008C2CC6 /* LoginBaseApp */,
				418C52BA1AE84AFC008C2CC6 /* LoginBaseAppTests */,
			);
		};
/* End PBXProject section */

/* Begin PBXResourcesBuildPhase section */
		418C52A21AE84AFC008C2CC6 /* Resources */ = {
			isa = PBXResourcesBuildPhase;
			buildActionMask = 2147483647;
			files = (
				418C52B11AE84AFC008C2CC6 /* Main.storyboard in Resources */,
				418C52B61AE84AFC008C2CC6 /* LaunchScreen.xib in Resources */,
				418C52B31AE84AFC008C2CC6 /* Images.xcassets in Resources */,
			);
			runOnlyForDeploymentPostprocessing = 0;
		};
		418C52B91AE84AFC008C2CC6 /* Resources */ = {
			isa = PBXResourcesBuildPhase;
			buildActionMask = 2147483647;
			files = (
			);
			runOnlyForDeploymentPostprocessing = 0;
		};
/* End PBXResourcesBuildPhase section */

/* Begin PBXShellScriptBuildPhase section */
		0DBCA7B4ED54B3C91C59D50B /* Copy Pods Resources */ = {
			isa = PBXShellScriptBuildPhase;
			buildActionMask = 2147483647;
			files = (
			);
			inputPaths = (
			);
			name = "Copy Pods Resources";
			outputPaths = (
			);
			runOnlyForDeploymentPostprocessing = 0;
			shellPath = /bin/sh;
			shellScript = "\"${SRCROOT}/Pods/Target Support Files/Pods-LoginBaseApp/Pods-LoginBaseApp-resources.sh\"\n";
			showEnvVarsInLog = 0;
		};
		22D8F41EC9FF3290A9586F04 /* Check Pods Manifest.lock */ = {
			isa = PBXShellScriptBuildPhase;
			buildActionMask = 2147483647;
			files = (
			);
			inputPaths = (
			);
			name = "Check Pods Manifest.lock";
			outputPaths = (
			);
			runOnlyForDeploymentPostprocessing = 0;
			shellPath = /bin/sh;
			shellScript = "diff \"${PODS_ROOT}/../Podfile.lock\" \"${PODS_ROOT}/Manifest.lock\" > /dev/null\nif [[ $? != 0 ]] ; then\n    cat << EOM\nerror: The sandbox is not in sync with the Podfile.lock. Run 'pod install' or update your CocoaPods installation.\nEOM\n    exit 1\nfi\n";
			showEnvVarsInLog = 0;
		};
/* End PBXShellScriptBuildPhase section */

/* Begin PBXSourcesBuildPhase section */
		418C52A01AE84AFC008C2CC6 /* Sources */ = {
			isa = PBXSourcesBuildPhase;
			buildActionMask = 2147483647;
			files = (
				418C52AE1AE84AFC008C2CC6 /* DetailViewController.swift in Sources */,
				418C52AC1AE84AFC008C2CC6 /* MasterViewController.swift in Sources */,
				418C52CD1AE85C93008C2CC6 /* LoginViewController.swift in Sources */,
				418C52AA1AE84AFC008C2CC6 /* AppDelegate.swift in Sources */,
				418C52CF1AE86361008C2CC6 /* SignUpViewController.swift in Sources */,
			);
			runOnlyForDeploymentPostprocessing = 0;
		};
		418C52B71AE84AFC008C2CC6 /* Sources */ = {
			isa = PBXSourcesBuildPhase;
			buildActionMask = 2147483647;
			files = (
				418C52C21AE84AFC008C2CC6 /* LoginBaseAppTests.swift in Sources */,
			);
			runOnlyForDeploymentPostprocessing = 0;
		};
/* End PBXSourcesBuildPhase section */

/* Begin PBXTargetDependency section */
		418C52BD1AE84AFC008C2CC6 /* PBXTargetDependency */ = {
			isa = PBXTargetDependency;
			target = 418C52A31AE84AFC008C2CC6 /* LoginBaseApp */;
			targetProxy = 418C52BC1AE84AFC008C2CC6 /* PBXContainerItemProxy */;
		};
/* End PBXTargetDependency section */

/* Begin PBXVariantGroup section */
		418C52AF1AE84AFC008C2CC6 /* Main.storyboard */ = {
			isa = PBXVariantGroup;
			children = (
				418C52B01AE84AFC008C2CC6 /* Base */,
			);
			name = Main.storyboard;
			sourceTree = "<group>";
		};
		418C52B41AE84AFC008C2CC6 /* LaunchScreen.xib */ = {
			isa = PBXVariantGroup;
			children = (
				418C52B51AE84AFC008C2CC6 /* Base */,
			);
			name = LaunchScreen.xib;
			sourceTree = "<group>";
		};
/* End PBXVariantGroup section */

/* Begin XCBuildConfiguration section */
		418C52C31AE84AFC008C2CC6 /* Debug */ = {
			isa = XCBuildConfiguration;
			buildSettings = {
				ALWAYS_SEARCH_USER_PATHS = NO;
				CLANG_CXX_LANGUAGE_STANDARD = "gnu++0x";
				CLANG_CXX_LIBRARY = "libc++";
				CLANG_ENABLE_MODULES = YES;
				CLANG_ENABLE_OBJC_ARC = YES;
				CLANG_WARN_BOOL_CONVERSION = YES;
				CLANG_WARN_CONSTANT_CONVERSION = YES;
				CLANG_WARN_DIRECT_OBJC_ISA_USAGE = YES_ERROR;
				CLANG_WARN_EMPTY_BODY = YES;
				CLANG_WARN_ENUM_CONVERSION = YES;
				CLANG_WARN_INT_CONVERSION = YES;
				CLANG_WARN_OBJC_ROOT_CLASS = YES_ERROR;
				CLANG_WARN_UNREACHABLE_CODE = YES;
				CLANG_WARN__DUPLICATE_METHOD_MATCH = YES;
				"CODE_SIGN_IDENTITY[sdk=iphoneos*]" = "iPhone Developer";
				COPY_PHASE_STRIP = NO;
				DEBUG_INFORMATION_FORMAT = "dwarf-with-dsym";
				ENABLE_STRICT_OBJC_MSGSEND = YES;
				GCC_C_LANGUAGE_STANDARD = gnu99;
				GCC_DYNAMIC_NO_PIC = NO;
				GCC_NO_COMMON_BLOCKS = YES;
				GCC_OPTIMIZATION_LEVEL = 0;
				GCC_PREPROCESSOR_DEFINITIONS = (
					"DEBUG=1",
					"$(inherited)",
				);
				GCC_SYMBOLS_PRIVATE_EXTERN = NO;
				GCC_WARN_64_TO_32_BIT_CONVERSION = YES;
				GCC_WARN_ABOUT_RETURN_TYPE = YES_ERROR;
				GCC_WARN_UNDECLARED_SELECTOR = YES;
				GCC_WARN_UNINITIALIZED_AUTOS = YES_AGGRESSIVE;
				GCC_WARN_UNUSED_FUNCTION = YES;
				GCC_WARN_UNUSED_VARIABLE = YES;
				IPHONEOS_DEPLOYMENT_TARGET = 8.3;
				MTL_ENABLE_DEBUG_INFO = YES;
				ONLY_ACTIVE_ARCH = YES;
				SDKROOT = iphoneos;
				SWIFT_OPTIMIZATION_LEVEL = "-Onone";
				TARGETED_DEVICE_FAMILY = "1,2";
			};
			name = Debug;
		};
		418C52C41AE84AFC008C2CC6 /* Release */ = {
			isa = XCBuildConfiguration;
			buildSettings = {
				ALWAYS_SEARCH_USER_PATHS = NO;
				CLANG_CXX_LANGUAGE_STANDARD = "gnu++0x";
				CLANG_CXX_LIBRARY = "libc++";
				CLANG_ENABLE_MODULES = YES;
				CLANG_ENABLE_OBJC_ARC = YES;
				CLANG_WARN_BOOL_CONVERSION = YES;
				CLANG_WARN_CONSTANT_CONVERSION = YES;
				CLANG_WARN_DIRECT_OBJC_ISA_USAGE = YES_ERROR;
				CLANG_WARN_EMPTY_BODY = YES;
				CLANG_WARN_ENUM_CONVERSION = YES;
				CLANG_WARN_INT_CONVERSION = YES;
				CLANG_WARN_OBJC_ROOT_CLASS = YES_ERROR;
				CLANG_WARN_UNREACHABLE_CODE = YES;
				CLANG_WARN__DUPLICATE_METHOD_MATCH = YES;
				"CODE_SIGN_IDENTITY[sdk=iphoneos*]" = "iPhone Developer";
				COPY_PHASE_STRIP = NO;
				DEBUG_INFORMATION_FORMAT = "dwarf-with-dsym";
				ENABLE_NS_ASSERTIONS = NO;
				ENABLE_STRICT_OBJC_MSGSEND = YES;
				GCC_C_LANGUAGE_STANDARD = gnu99;
				GCC_NO_COMMON_BLOCKS = YES;
				GCC_WARN_64_TO_32_BIT_CONVERSION = YES;
				GCC_WARN_ABOUT_RETURN_TYPE = YES_ERROR;
				GCC_WARN_UNDECLARED_SELECTOR = YES;
				GCC_WARN_UNINITIALIZED_AUTOS = YES_AGGRESSIVE;
				GCC_WARN_UNUSED_FUNCTION = YES;
				GCC_WARN_UNUSED_VARIABLE = YES;
				IPHONEOS_DEPLOYMENT_TARGET = 8.3;
				MTL_ENABLE_DEBUG_INFO = NO;
				SDKROOT = iphoneos;
				TARGETED_DEVICE_FAMILY = "1,2";
				VALIDATE_PRODUCT = YES;
			};
			name = Release;
		};
		418C52C61AE84AFC008C2CC6 /* Debug */ = {
			isa = XCBuildConfiguration;
			baseConfigurationReference = CE3C4BD1A279C0DCF9755DEB /* Pods-LoginBaseApp.debug.xcconfig */;
			buildSettings = {
				ASSETCATALOG_COMPILER_APPICON_NAME = AppIcon;
				INFOPLIST_FILE = LoginBaseApp/Info.plist;
				LD_RUNPATH_SEARCH_PATHS = "$(inherited) @executable_path/Frameworks";
				PRODUCT_NAME = "$(TARGET_NAME)";
				SWIFT_OBJC_BRIDGING_HEADER = "$(SRCROOT)/LoginBaseApp/LoginBaseApp-Bridging-Header.h";
			};
			name = Debug;
		};
		418C52C71AE84AFC008C2CC6 /* Release */ = {
			isa = XCBuildConfiguration;
			baseConfigurationReference = DEE464A24B1A91342C9D1031 /* Pods-LoginBaseApp.release.xcconfig */;
			buildSettings = {
				ASSETCATALOG_COMPILER_APPICON_NAME = AppIcon;
				INFOPLIST_FILE = LoginBaseApp/Info.plist;
				LD_RUNPATH_SEARCH_PATHS = "$(inherited) @executable_path/Frameworks";
				PRODUCT_NAME = "$(TARGET_NAME)";
				SWIFT_OBJC_BRIDGING_HEADER = "$(SRCROOT)/LoginBaseApp/LoginBaseApp-Bridging-Header.h";
			};
			name = Release;
		};
		418C52C91AE84AFC008C2CC6 /* Debug */ = {
			isa = XCBuildConfiguration;
			buildSettings = {
				BUNDLE_LOADER = "$(TEST_HOST)";
				FRAMEWORK_SEARCH_PATHS = (
					"$(SDKROOT)/Developer/Library/Frameworks",
					"$(inherited)",
				);
				GCC_PREPROCESSOR_DEFINITIONS = (
					"DEBUG=1",
					"$(inherited)",
				);
				INFOPLIST_FILE = LoginBaseAppTests/Info.plist;
				LD_RUNPATH_SEARCH_PATHS = "$(inherited) @executable_path/Frameworks @loader_path/Frameworks";
				PRODUCT_NAME = "$(TARGET_NAME)";
				TEST_HOST = "$(BUILT_PRODUCTS_DIR)/LoginBaseApp.app/LoginBaseApp";
			};
			name = Debug;
		};
		418C52CA1AE84AFC008C2CC6 /* Release */ = {
			isa = XCBuildConfiguration;
			buildSettings = {
				BUNDLE_LOADER = "$(TEST_HOST)";
				FRAMEWORK_SEARCH_PATHS = (
					"$(SDKROOT)/Developer/Library/Frameworks",
					"$(inherited)",
				);
				INFOPLIST_FILE = LoginBaseAppTests/Info.plist;
				LD_RUNPATH_SEARCH_PATHS = "$(inherited) @executable_path/Frameworks @loader_path/Frameworks";
				PRODUCT_NAME = "$(TARGET_NAME)";
				TEST_HOST = "$(BUILT_PRODUCTS_DIR)/LoginBaseApp.app/LoginBaseApp";
			};
			name = Release;
		};
/* End XCBuildConfiguration section */

/* Begin XCConfigurationList section */
		418C529F1AE84AFC008C2CC6 /* Build configuration list for PBXProject "LoginBaseApp" */ = {
			isa = XCConfigurationList;
			buildConfigurations = (
				418C52C31AE84AFC008C2CC6 /* Debug */,
				418C52C41AE84AFC008C2CC6 /* Release */,
			);
			defaultConfigurationIsVisible = 0;
			defaultConfigurationName = Release;
		};
		418C52C51AE84AFC008C2CC6 /* Build configuration list for PBXNativeTarget "LoginBaseApp" */ = {
			isa = XCConfigurationList;
			buildConfigurations = (
				418C52C61AE84AFC008C2CC6 /* Debug */,
				418C52C71AE84AFC008C2CC6 /* Release */,
			);
			defaultConfigurationIsVisible = 0;
			defaultConfigurationName = Release;
		};
		418C52C81AE84AFC008C2CC6 /* Build configuration list for PBXNativeTarget "LoginBaseAppTests" */ = {
			isa = XCConfigurationList;
			buildConfigurations = (
				418C52C91AE84AFC008C2CC6 /* Debug */,
				418C52CA1AE84AFC008C2CC6 /* Release */,
			);
			defaultConfigurationIsVisible = 0;
			defaultConfigurationName = Release;
		};
/* End XCConfigurationList section */
	};
	rootObject = 418C529C1AE84AFC008C2CC6 /* Project object */;
}
